
Microsoft Visual Studio Solution File, Format Version 12.00
# Visual Studio Version 16
VisualStudioVersion = 16.0.30320.27
MinimumVisualStudioVersion = 10.0.40219.1
Project("{FAE04EC0-301F-11D3-BF4B-00C04F79EFBC}") = "LoL Generator", "LoL Generator.csproj", "{8DCA8ACB-C526-4C2B-BB8E-3276A7557855}"
EndProject
Global
	GlobalSection(SolutionConfigurationPlatforms) = preSolution
		Debug|Any CPU = Debug|Any CPU
		Release|Any CPU = Release|Any CPU
	EndGlobalSection
	GlobalSection(ProjectConfigurationPlatforms) = postSolution
		{8DCA8ACB-C526-4C2B-BB8E-3276A7557855}.Debug|Any CPU.ActiveCfg = Debug|Any CPU
		{8DCA8ACB-C526-4C2B-BB8E-3276A7557855}.Debug|Any CPU.Build.0 = Debug|Any CPU
		{8DCA8ACB-C526-4C2B-BB8E-3276A7557855}.Release|Any CPU.ActiveCfg = Release|Any CPU
		{8DCA8ACB-C526-4C2B-BB8E-3276A7557855}.Release|Any CPU.Build.0 = Release|Any CPU
	EndGlobalSection
	GlobalSection(SolutionProperties) = preSolution
		HideSolutionNode = FALSE
	EndGlobalSection
	GlobalSection(ExtensibilityGlobals) = postSolution
		SolutionGuid = {4CC1A8B2-723D-49BF-BBD7-DBB6C825347E}
	EndGlobalSection
EndGlobal
